
Microsoft Visual Studio Solution File, Format Version 12.00
# Visual Studio Version 17
VisualStudioVersion = 17.0.31903.59
MinimumVisualStudioVersion = 10.0.40219.1
Project("{FAE04EC0-301F-11D3-BF4B-00C04F79EFBC}") = "Lab7", "Lab7\Lab7.csproj", "{8BBFFFB4-B293-42BF-B91D-2A7192B87067}"
EndProject
Project("{FAE04EC0-301F-11D3-BF4B-00C04F79EFBC}") = "TestLab7", "TestLab7\TestLab7.csproj", "{C9BABC83-F895-494B-A609-CD57DB1523C4}"
EndProject
Global
	GlobalSection(SolutionConfigurationPlatforms) = preSolution
		Debug|Any CPU = Debug|Any CPU
		Release|Any CPU = Release|Any CPU
	EndGlobalSection
	GlobalSection(SolutionProperties) = preSolution
		HideSolutionNode = FALSE
	EndGlobalSection
	GlobalSection(ProjectConfigurationPlatforms) = postSolution
		{8BBFFFB4-B293-42BF-B91D-2A7192B87067}.Debug|Any CPU.ActiveCfg = Debug|Any CPU
		{8BBFFFB4-B293-42BF-B91D-2A7192B87067}.Debug|Any CPU.Build.0 = Debug|Any CPU
		{8BBFFFB4-B293-42BF-B91D-2A7192B87067}.Release|Any CPU.ActiveCfg = Release|Any CPU
		{8BBFFFB4-B293-42BF-B91D-2A7192B87067}.Release|Any CPU.Build.0 = Release|Any CPU
		{C9BABC83-F895-494B-A609-CD57DB1523C4}.Debug|Any CPU.ActiveCfg = Debug|Any CPU
		{C9BABC83-F895-494B-A609-CD57DB1523C4}.Debug|Any CPU.Build.0 = Debug|Any CPU
		{C9BABC83-F895-494B-A609-CD57DB1523C4}.Release|Any CPU.ActiveCfg = Release|Any CPU
		{C9BABC83-F895-494B-A609-CD57DB1523C4}.Release|Any CPU.Build.0 = Release|Any CPU
	EndGlobalSection
EndGlobal
